
Microsoft Visual Studio Solution File, Format Version 12.00
# Visual Studio Version 17
VisualStudioVersion = 17.0.31903.59
MinimumVisualStudioVersion = 10.0.40219.1
Project("{2150E333-8FDC-42A3-9474-1A3956D46DE8}") = "CodeSmells", "CodeSmells", "{00B1071D-CA98-46AD-A2C4-E0822E724FA9}"
EndProject
Project("{9A19103F-16F7-4668-BE54-9A1E7A4F7556}") = "RepeatedSwitches", "CodeSmells\RepeatedSwitches\RepeatedSwitches.csproj", "{A3F205FB-C97E-4D6B-B01E-C7796A2A7269}"
EndProject
Project("{9A19103F-16F7-4668-BE54-9A1E7A4F7556}") = "PrimitiveObsession", "CodeSmells\PrimitiveObsession\PrimitiveObsession.csproj", "{068EC922-DA30-4F64-91CF-0D197A9BDE8B}"
EndProject
Project("{9A19103F-16F7-4668-BE54-9A1E7A4F7556}") = "Loops", "CodeSmells\Loops\Loops.csproj", "{85ABEF37-4D76-4692-9C68-221A474B09E8}"
EndProject
Project("{9A19103F-16F7-4668-BE54-9A1E7A4F7556}") = "DataClass", "CodeSmells\DataClass\DataClass.csproj", "{052B48A2-61D2-4E84-B772-8D447D7B166D}"
EndProject
Project("{2150E333-8FDC-42A3-9474-1A3956D46DE8}") = "Refactorings", "Refactorings", "{CE0A569A-7421-41D5-AF07-F2EC2537B19D}"
EndProject
Project("{9A19103F-16F7-4668-BE54-9A1E7A4F7556}") = "IntroduceParameterObject", "Refactorings\IntroduceParameterObject\IntroduceParameterObject.csproj", "{1ADE79CB-CEFD-4FC6-9AB8-A90B92D97976}"
EndProject
Project("{9A19103F-16F7-4668-BE54-9A1E7A4F7556}") = "CombinedFunctionsIntoTransform", "Refactorings\CombinedFunctionsIntoTransform\CombinedFunctionsIntoTransform.csproj", "{0199B995-0E11-409E-8463-344F65E76836}"
EndProject
Project("{9A19103F-16F7-4668-BE54-9A1E7A4F7556}") = "CombineFunctionsIntoClass", "Refactorings\CombineFunctionsIntoClass\CombineFunctionsIntoClass.csproj", "{DF0386E8-01B0-46D5-9A9B-2A997D53CB21}"
EndProject
Project("{9A19103F-16F7-4668-BE54-9A1E7A4F7556}") = "SplitPhase", "Refactorings\SplitPhase\SplitPhase.csproj", "{6E095FAF-4B91-4939-B287-DFB51C407D77}"
EndProject
Project("{9A19103F-16F7-4668-BE54-9A1E7A4F7556}") = "EncapsulateRecord", "Refactorings\EncapsulateRecord\EncapsulateRecord.csproj", "{738F9A2F-7D90-48B7-9366-88D784F03D77}"
EndProject
Project("{9A19103F-16F7-4668-BE54-9A1E7A4F7556}") = "EncapsulatCollection", "Refactorings\EncapsulatCollection\EncapsulatCollection.csproj", "{69B3AEAF-7E71-4054-9DDC-59A0489209D0}"
EndProject
Project("{9A19103F-16F7-4668-BE54-9A1E7A4F7556}") = "ReplaceTempWithQuery", "Refactorings\ReplaceTempWithQuery\ReplaceTempWithQuery.csproj", "{405A91F0-978D-4EFA-9C2A-73D6B1031386}"
EndProject
Project("{FAE04EC0-301F-11D3-BF4B-00C04F79EFBC}") = "ExtractClass", "Refactorings\ExtractClass\ExtractClass.csproj", "{A4647731-05F4-4B7E-BB62-C66345EE23AB}"
EndProject
Project("{FAE04EC0-301F-11D3-BF4B-00C04F79EFBC}") = "InlineClass", "Refactorings\InlineClass\InlineClass.csproj", "{B706D272-3F9A-4949-8963-D7C525E4CF74}"
EndProject
Global
	GlobalSection(SolutionConfigurationPlatforms) = preSolution
		Debug|Any CPU = Debug|Any CPU
		Release|Any CPU = Release|Any CPU
	EndGlobalSection
	GlobalSection(ProjectConfigurationPlatforms) = postSolution
		{A3F205FB-C97E-4D6B-B01E-C7796A2A7269}.Debug|Any CPU.ActiveCfg = Debug|Any CPU
		{A3F205FB-C97E-4D6B-B01E-C7796A2A7269}.Debug|Any CPU.Build.0 = Debug|Any CPU
		{A3F205FB-C97E-4D6B-B01E-C7796A2A7269}.Release|Any CPU.ActiveCfg = Release|Any CPU
		{A3F205FB-C97E-4D6B-B01E-C7796A2A7269}.Release|Any CPU.Build.0 = Release|Any CPU
		{068EC922-DA30-4F64-91CF-0D197A9BDE8B}.Debug|Any CPU.ActiveCfg = Debug|Any CPU
		{068EC922-DA30-4F64-91CF-0D197A9BDE8B}.Debug|Any CPU.Build.0 = Debug|Any CPU
		{068EC922-DA30-4F64-91CF-0D197A9BDE8B}.Release|Any CPU.ActiveCfg = Release|Any CPU
		{068EC922-DA30-4F64-91CF-0D197A9BDE8B}.Release|Any CPU.Build.0 = Release|Any CPU
		{85ABEF37-4D76-4692-9C68-221A474B09E8}.Debug|Any CPU.ActiveCfg = Debug|Any CPU
		{85ABEF37-4D76-4692-9C68-221A474B09E8}.Debug|Any CPU.Build.0 = Debug|Any CPU
		{85ABEF37-4D76-4692-9C68-221A474B09E8}.Release|Any CPU.ActiveCfg = Release|Any CPU
		{85ABEF37-4D76-4692-9C68-221A474B09E8}.Release|Any CPU.Build.0 = Release|Any CPU
		{052B48A2-61D2-4E84-B772-8D447D7B166D}.Debug|Any CPU.ActiveCfg = Debug|Any CPU
		{052B48A2-61D2-4E84-B772-8D447D7B166D}.Debug|Any CPU.Build.0 = Debug|Any CPU
		{052B48A2-61D2-4E84-B772-8D447D7B166D}.Release|Any CPU.ActiveCfg = Release|Any CPU
		{052B48A2-61D2-4E84-B772-8D447D7B166D}.Release|Any CPU.Build.0 = Release|Any CPU
		{1ADE79CB-CEFD-4FC6-9AB8-A90B92D97976}.Debug|Any CPU.ActiveCfg = Debug|Any CPU
		{1ADE79CB-CEFD-4FC6-9AB8-A90B92D97976}.Debug|Any CPU.Build.0 = Debug|Any CPU
		{1ADE79CB-CEFD-4FC6-9AB8-A90B92D97976}.Release|Any CPU.ActiveCfg = Release|Any CPU
		{1ADE79CB-CEFD-4FC6-9AB8-A90B92D97976}.Release|Any CPU.Build.0 = Release|Any CPU
		{0199B995-0E11-409E-8463-344F65E76836}.Debug|Any CPU.ActiveCfg = Debug|Any CPU
		{0199B995-0E11-409E-8463-344F65E76836}.Debug|Any CPU.Build.0 = Debug|Any CPU
		{0199B995-0E11-409E-8463-344F65E76836}.Release|Any CPU.ActiveCfg = Release|Any CPU
		{0199B995-0E11-409E-8463-344F65E76836}.Release|Any CPU.Build.0 = Release|Any CPU
		{DF0386E8-01B0-46D5-9A9B-2A997D53CB21}.Debug|Any CPU.ActiveCfg = Debug|Any CPU
		{DF0386E8-01B0-46D5-9A9B-2A997D53CB21}.Debug|Any CPU.Build.0 = Debug|Any CPU
		{DF0386E8-01B0-46D5-9A9B-2A997D53CB21}.Release|Any CPU.ActiveCfg = Release|Any CPU
		{DF0386E8-01B0-46D5-9A9B-2A997D53CB21}.Release|Any CPU.Build.0 = Release|Any CPU
		{6E095FAF-4B91-4939-B287-DFB51C407D77}.Debug|Any CPU.ActiveCfg = Debug|Any CPU
		{6E095FAF-4B91-4939-B287-DFB51C407D77}.Debug|Any CPU.Build.0 = Debug|Any CPU
		{6E095FAF-4B91-4939-B287-DFB51C407D77}.Release|Any CPU.ActiveCfg = Release|Any CPU
		{6E095FAF-4B91-4939-B287-DFB51C407D77}.Release|Any CPU.Build.0 = Release|Any CPU
		{738F9A2F-7D90-48B7-9366-88D784F03D77}.Debug|Any CPU.ActiveCfg = Debug|Any CPU
		{738F9A2F-7D90-48B7-9366-88D784F03D77}.Debug|Any CPU.Build.0 = Debug|Any CPU
		{738F9A2F-7D90-48B7-9366-88D784F03D77}.Release|Any CPU.ActiveCfg = Release|Any CPU
		{738F9A2F-7D90-48B7-9366-88D784F03D77}.Release|Any CPU.Build.0 = Release|Any CPU
		{69B3AEAF-7E71-4054-9DDC-59A0489209D0}.Debug|Any CPU.ActiveCfg = Debug|Any CPU
		{69B3AEAF-7E71-4054-9DDC-59A0489209D0}.Debug|Any CPU.Build.0 = Debug|Any CPU
		{69B3AEAF-7E71-4054-9DDC-59A0489209D0}.Release|Any CPU.ActiveCfg = Release|Any CPU
		{69B3AEAF-7E71-4054-9DDC-59A0489209D0}.Release|Any CPU.Build.0 = Release|Any CPU
		{405A91F0-978D-4EFA-9C2A-73D6B1031386}.Debug|Any CPU.ActiveCfg = Debug|Any CPU
		{405A91F0-978D-4EFA-9C2A-73D6B1031386}.Debug|Any CPU.Build.0 = Debug|Any CPU
		{405A91F0-978D-4EFA-9C2A-73D6B1031386}.Release|Any CPU.ActiveCfg = Release|Any CPU
		{405A91F0-978D-4EFA-9C2A-73D6B1031386}.Release|Any CPU.Build.0 = Release|Any CPU
		{A4647731-05F4-4B7E-BB62-C66345EE23AB}.Debug|Any CPU.ActiveCfg = Debug|Any CPU
		{A4647731-05F4-4B7E-BB62-C66345EE23AB}.Debug|Any CPU.Build.0 = Debug|Any CPU
		{A4647731-05F4-4B7E-BB62-C66345EE23AB}.Release|Any CPU.ActiveCfg = Release|Any CPU
		{A4647731-05F4-4B7E-BB62-C66345EE23AB}.Release|Any CPU.Build.0 = Release|Any CPU
		{B706D272-3F9A-4949-8963-D7C525E4CF74}.Debug|Any CPU.ActiveCfg = Debug|Any CPU
		{B706D272-3F9A-4949-8963-D7C525E4CF74}.Debug|Any CPU.Build.0 = Debug|Any CPU
		{B706D272-3F9A-4949-8963-D7C525E4CF74}.Release|Any CPU.ActiveCfg = Release|Any CPU
		{B706D272-3F9A-4949-8963-D7C525E4CF74}.Release|Any CPU.Build.0 = Release|Any CPU
	EndGlobalSection
	GlobalSection(SolutionProperties) = preSolution
		HideSolutionNode = FALSE
	EndGlobalSection
	GlobalSection(NestedProjects) = preSolution
		{A3F205FB-C97E-4D6B-B01E-C7796A2A7269} = {00B1071D-CA98-46AD-A2C4-E0822E724FA9}
		{068EC922-DA30-4F64-91CF-0D197A9BDE8B} = {00B1071D-CA98-46AD-A2C4-E0822E724FA9}
		{85ABEF37-4D76-4692-9C68-221A474B09E8} = {00B1071D-CA98-46AD-A2C4-E0822E724FA9}
		{052B48A2-61D2-4E84-B772-8D447D7B166D} = {00B1071D-CA98-46AD-A2C4-E0822E724FA9}
		{1ADE79CB-CEFD-4FC6-9AB8-A90B92D97976} = {CE0A569A-7421-41D5-AF07-F2EC2537B19D}
		{0199B995-0E11-409E-8463-344F65E76836} = {CE0A569A-7421-41D5-AF07-F2EC2537B19D}
		{DF0386E8-01B0-46D5-9A9B-2A997D53CB21} = {CE0A569A-7421-41D5-AF07-F2EC2537B19D}
		{6E095FAF-4B91-4939-B287-DFB51C407D77} = {CE0A569A-7421-41D5-AF07-F2EC2537B19D}
		{738F9A2F-7D90-48B7-9366-88D784F03D77} = {CE0A569A-7421-41D5-AF07-F2EC2537B19D}
		{69B3AEAF-7E71-4054-9DDC-59A0489209D0} = {CE0A569A-7421-41D5-AF07-F2EC2537B19D}
		{405A91F0-978D-4EFA-9C2A-73D6B1031386} = {CE0A569A-7421-41D5-AF07-F2EC2537B19D}
		{A4647731-05F4-4B7E-BB62-C66345EE23AB} = {CE0A569A-7421-41D5-AF07-F2EC2537B19D}
		{B706D272-3F9A-4949-8963-D7C525E4CF74} = {CE0A569A-7421-41D5-AF07-F2EC2537B19D}
	EndGlobalSection
	GlobalSection(ExtensibilityGlobals) = postSolution
		SolutionGuid = {BEE24D05-3A3A-42C9-8225-4826678CF6B2}
	EndGlobalSection
EndGlobal
